// !$*UTF8*$!
{
	archiveVersion = 1;
	classes = {
	};
	objectVersion = 56;
	objects = {

/* Begin PBXBuildFile section */
		68CB9EBC2C617AC9000B29F3 /* AgentListApp.swift in Sources */ = {isa = PBXBuildFile; fileRef = 68CB9EBB2C617AC9000B29F3 /* AgentListApp.swift */; };
		68CB9EBE2C617AC9000B29F3 /* ContentView.swift in Sources */ = {isa = PBXBuildFile; fileRef = 68CB9EBD2C617AC9000B29F3 /* ContentView.swift */; };
		68CB9EC02C617ACB000B29F3 /* Assets.xcassets in Resources */ = {isa = PBXBuildFile; fileRef = 68CB9EBF2C617ACB000B29F3 /* Assets.xcassets */; };
		68CB9EC32C617ACB000B29F3 /* Preview Assets.xcassets in Resources */ = {isa = PBXBuildFile; fileRef = 68CB9EC22C617ACB000B29F3 /* Preview Assets.xcassets */; };
		68CB9ECA2C617B9B000B29F3 /* CircleImage.swift in Sources */ = {isa = PBXBuildFile; fileRef = 68CB9EC92C617B9B000B29F3 /* CircleImage.swift */; };
		68CB9ED02C618020000B29F3 /* Agent.swift in Sources */ = {isa = PBXBuildFile; fileRef = 68CB9ECF2C618020000B29F3 /* Agent.swift */; };
		68CB9ED22C61808D000B29F3 /* ModelData.swift in Sources */ = {isa = PBXBuildFile; fileRef = 68CB9ED12C61808D000B29F3 /* ModelData.swift */; };
		68CB9ED52C61860A000B29F3 /* AgentCard.swift in Sources */ = {isa = PBXBuildFile; fileRef = 68CB9ED42C61860A000B29F3 /* AgentCard.swift */; };
		68CB9ED72C618712000B29F3 /* AgentList.swift in Sources */ = {isa = PBXBuildFile; fileRef = 68CB9ED62C618712000B29F3 /* AgentList.swift */; };
		68CB9ED92C618779000B29F3 /* AgentRow.swift in Sources */ = {isa = PBXBuildFile; fileRef = 68CB9ED82C618779000B29F3 /* AgentRow.swift */; };
		68CB9EDB2C618824000B29F3 /* MapView.swift in Sources */ = {isa = PBXBuildFile; fileRef = 68CB9EDA2C618824000B29F3 /* MapView.swift */; };
		68CB9EDD2C61928C000B29F3 /* agents.json in Resources */ = {isa = PBXBuildFile; fileRef = 68CB9EDC2C61928C000B29F3 /* agents.json */; };
		68CB9EE32C61B07D000B29F3 /* SearchBar.swift in Sources */ = {isa = PBXBuildFile; fileRef = 68CB9EE22C61B07D000B29F3 /* SearchBar.swift */; };
		68CB9EEF2C61DA80000B29F3 /* Welcome.swift in Sources */ = {isa = PBXBuildFile; fileRef = 68CB9EEE2C61DA80000B29F3 /* Welcome.swift */; };
/* End PBXBuildFile section */

/* Begin PBXFileReference section */
		68CB9EB82C617AC9000B29F3 /* AgentList.app */ = {isa = PBXFileReference; explicitFileType = wrapper.application; includeInIndex = 0; path = AgentList.app; sourceTree = BUILT_PRODUCTS_DIR; };
		68CB9EBB2C617AC9000B29F3 /* AgentListApp.swift */ = {isa = PBXFileReference; lastKnownFileType = sourcecode.swift; path = AgentListApp.swift; sourceTree = "<group>"; };
		68CB9EBD2C617AC9000B29F3 /* ContentView.swift */ = {isa = PBXFileReference; lastKnownFileType = sourcecode.swift; path = ContentView.swift; sourceTree = "<group>"; };
		68CB9EBF2C617ACB000B29F3 /* Assets.xcassets */ = {isa = PBXFileReference; lastKnownFileType = folder.assetcatalog; path = Assets.xcassets; sourceTree = "<group>"; };
		68CB9EC22C617ACB000B29F3 /* Preview Assets.xcassets */ = {isa = PBXFileReference; lastKnownFileType = folder.assetcatalog; path = "Preview Assets.xcassets"; sourceTree = "<group>"; };
		68CB9EC92C617B9B000B29F3 /* CircleImage.swift */ = {isa = PBXFileReference; lastKnownFileType = sourcecode.swift; path = CircleImage.swift; sourceTree = "<group>"; };
		68CB9ECF2C618020000B29F3 /* Agent.swift */ = {isa = PBXFileReference; lastKnownFileType = sourcecode.swift; path = Agent.swift; sourceTree = "<group>"; };
		68CB9ED12C61808D000B29F3 /* ModelData.swift */ = {isa = PBXFileReference; lastKnownFileType = sourcecode.swift; path = ModelData.swift; sourceTree = "<group>"; };
		68CB9ED42C61860A000B29F3 /* AgentCard.swift */ = {isa = PBXFileReference; lastKnownFileType = sourcecode.swift; path = AgentCard.swift; sourceTree = "<group>"; };
		68CB9ED62C618712000B29F3 /* AgentList.swift */ = {isa = PBXFileReference; lastKnownFileType = sourcecode.swift; path = AgentList.swift; sourceTree = "<group>"; };
		68CB9ED82C618779000B29F3 /* AgentRow.swift */ = {isa = PBXFileReference; lastKnownFileType = sourcecode.swift; path = AgentRow.swift; sourceTree = "<group>"; };
		68CB9EDA2C618824000B29F3 /* MapView.swift */ = {isa = PBXFileReference; lastKnownFileType = sourcecode.swift; path = MapView.swift; sourceTree = "<group>"; };
		68CB9EDC2C61928C000B29F3 /* agents.json */ = {isa = PBXFileReference; fileEncoding = 4; lastKnownFileType = text.json; name = agents.json; path = "../../../../../Downloads/SSET-Contact-List-iOS-main/ContactList/Model/agents.json"; sourceTree = "<group>"; };
		68CB9EE22C61B07D000B29F3 /* SearchBar.swift */ = {isa = PBXFileReference; lastKnownFileType = sourcecode.swift; path = SearchBar.swift; sourceTree = "<group>"; };
		68CB9EE62C61CE0E000B29F3 /* Coiny-Regular.ttf */ = {isa = PBXFileReference; lastKnownFileType = file; path = "Coiny-Regular.ttf"; sourceTree = "<group>"; };
		68CB9EEA2C61D024000B29F3 /* Info.plist */ = {isa = PBXFileReference; lastKnownFileType = text.plist; path = Info.plist; sourceTree = "<group>"; };
		68CB9EEE2C61DA80000B29F3 /* Welcome.swift */ = {isa = PBXFileReference; lastKnownFileType = sourcecode.swift; path = Welcome.swift; sourceTree = "<group>"; };
/* End PBXFileReference section */

/* Begin PBXFrameworksBuildPhase section */
		68CB9EB52C617AC9000B29F3 /* Frameworks */ = {
			isa = PBXFrameworksBuildPhase;
			buildActionMask = 2147483647;
			files = (
			);
			runOnlyForDeploymentPostprocessing = 0;
		};
/* End PBXFrameworksBuildPhase section */

/* Begin PBXGroup section */
		68CB9EAF2C617AC9000B29F3 = {
			isa = PBXGroup;
			children = (
				68CB9EE62C61CE0E000B29F3 /* Coiny-Regular.ttf */,
				68CB9EBA2C617AC9000B29F3 /* AgentList */,
				68CB9EB92C617AC9000B29F3 /* Products */,
			);
			sourceTree = "<group>";
		};
		68CB9EB92C617AC9000B29F3 /* Products */ = {
			isa = PBXGroup;
			children = (
				68CB9EB82C617AC9000B29F3 /* AgentList.app */,
			);
			name = Products;
			sourceTree = "<group>";
		};
		68CB9EBA2C617AC9000B29F3 /* AgentList */ = {
			isa = PBXGroup;
			children = (
				68CB9EEA2C61D024000B29F3 /* Info.plist */,
				68CB9ECE2C61800F000B29F3 /* Model */,
				68CB9ECB2C617BCE000B29F3 /* Views */,
				68CB9EBB2C617AC9000B29F3 /* AgentListApp.swift */,
				68CB9EBF2C617ACB000B29F3 /* Assets.xcassets */,
				68CB9EC12C617ACB000B29F3 /* Preview Content */,
			);
			path = AgentList;
			sourceTree = "<group>";
		};
		68CB9EC12C617ACB000B29F3 /* Preview Content */ = {
			isa = PBXGroup;
			children = (
				68CB9EC22C617ACB000B29F3 /* Preview Assets.xcassets */,
			);
			path = "Preview Content";
			sourceTree = "<group>";
		};
		68CB9ECB2C617BCE000B29F3 /* Views */ = {
			isa = PBXGroup;
			children = (
				68CB9EBD2C617AC9000B29F3 /* ContentView.swift */,
				68CB9EE22C61B07D000B29F3 /* SearchBar.swift */,
				68CB9EDA2C618824000B29F3 /* MapView.swift */,
				68CB9EC92C617B9B000B29F3 /* CircleImage.swift */,
				68CB9ED42C61860A000B29F3 /* AgentCard.swift */,
				68CB9ED62C618712000B29F3 /* AgentList.swift */,
				68CB9ED82C618779000B29F3 /* AgentRow.swift */,
				68CB9EEE2C61DA80000B29F3 /* Welcome.swift */,
			);
			path = Views;
			sourceTree = "<group>";
		};
		68CB9ECE2C61800F000B29F3 /* Model */ = {
			isa = PBXGroup;
			children = (
				68CB9EDC2C61928C000B29F3 /* agents.json */,
				68CB9ECF2C618020000B29F3 /* Agent.swift */,
				68CB9ED12C61808D000B29F3 /* ModelData.swift */,
			);
			path = Model;
			sourceTree = "<group>";
		};
/* End PBXGroup section */

/* Begin PBXNativeTarget section */
		68CB9EB72C617AC9000B29F3 /* AgentList */ = {
			isa = PBXNativeTarget;
			buildConfigurationList = 68CB9EC62C617ACB000B29F3 /* Build configuration list for PBXNativeTarget "AgentList" */;
			buildPhases = (
				68CB9EB42C617AC9000B29F3 /* Sources */,
				68CB9EB52C617AC9000B29F3 /* Frameworks */,
				68CB9EB62C617AC9000B29F3 /* Resources */,
			);
			buildRules = (
			);
			dependencies = (
			);
			name = AgentList;
			productName = AgentList;
			productReference = 68CB9EB82C617AC9000B29F3 /* AgentList.app */;
			productType = "com.apple.product-type.application";
		};
/* End PBXNativeTarget section */

/* Begin PBXProject section */
		68CB9EB02C617AC9000B29F3 /* Project object */ = {
			isa = PBXProject;
			attributes = {
				BuildIndependentTargetsInParallel = 1;
				LastSwiftUpdateCheck = 1540;
				LastUpgradeCheck = 1540;
				TargetAttributes = {
					68CB9EB72C617AC9000B29F3 = {
						CreatedOnToolsVersion = 15.4;
					};
				};
			};
			buildConfigurationList = 68CB9EB32C617AC9000B29F3 /* Build configuration list for PBXProject "AgentList" */;
			compatibilityVersion = "Xcode 14.0";
			developmentRegion = en;
			hasScannedForEncodings = 0;
			knownRegions = (
				en,
				Base,
			);
			mainGroup = 68CB9EAF2C617AC9000B29F3;
			productRefGroup = 68CB9EB92C617AC9000B29F3 /* Products */;
			projectDirPath = "";
			projectRoot = "";
			targets = (
				68CB9EB72C617AC9000B29F3 /* AgentList */,
			);
		};
/* End PBXProject section */

/* Begin PBXResourcesBuildPhase section */
		68CB9EB62C617AC9000B29F3 /* Resources */ = {
			isa = PBXResourcesBuildPhase;
			buildActionMask = 2147483647;
			files = (
				68CB9EC32C617ACB000B29F3 /* Preview Assets.xcassets in Resources */,
				68CB9EDD2C61928C000B29F3 /* agents.json in Resources */,
				68CB9EC02C617ACB000B29F3 /* Assets.xcassets in Resources */,
			);
			runOnlyForDeploymentPostprocessing = 0;
		};
/* End PBXResourcesBuildPhase section */

/* Begin PBXSourcesBuildPhase section */
		68CB9EB42C617AC9000B29F3 /* Sources */ = {
			isa = PBXSourcesBuildPhase;
			buildActionMask = 2147483647;
			files = (
				68CB9ED52C61860A000B29F3 /* AgentCard.swift in Sources */,
				68CB9ED02C618020000B29F3 /* Agent.swift in Sources */,
				68CB9EBE2C617AC9000B29F3 /* ContentView.swift in Sources */,
				68CB9EBC2C617AC9000B29F3 /* AgentListApp.swift in Sources */,
				68CB9ED92C618779000B29F3 /* AgentRow.swift in Sources */,
				68CB9ED72C618712000B29F3 /* AgentList.swift in Sources */,
				68CB9EDB2C618824000B29F3 /* MapView.swift in Sources */,
				68CB9ECA2C617B9B000B29F3 /* CircleImage.swift in Sources */,
				68CB9EE32C61B07D000B29F3 /* SearchBar.swift in Sources */,
				68CB9EEF2C61DA80000B29F3 /* Welcome.swift in Sources */,
				68CB9ED22C61808D000B29F3 /* ModelData.swift in Sources */,
			);
			runOnlyForDeploymentPostprocessing = 0;
		};
/* End PBXSourcesBuildPhase section */

/* Begin XCBuildConfiguration section */
		68CB9EC42C617ACB000B29F3 /* Debug */ = {
			isa = XCBuildConfiguration;
			buildSettings = {
				ALWAYS_SEARCH_USER_PATHS = NO;
				ASSETCATALOG_COMPILER_GENERATE_SWIFT_ASSET_SYMBOL_EXTENSIONS = YES;
				CLANG_ANALYZER_NONNULL = YES;
				CLANG_ANALYZER_NUMBER_OBJECT_CONVERSION = YES_AGGRESSIVE;
				CLANG_CXX_LANGUAGE_STANDARD = "gnu++20";
				CLANG_ENABLE_MODULES = YES;
				CLANG_ENABLE_OBJC_ARC = YES;
				CLANG_ENABLE_OBJC_WEAK = YES;
				CLANG_WARN_BLOCK_CAPTURE_AUTORELEASING = YES;
				CLANG_WARN_BOOL_CONVERSION = YES;
				CLANG_WARN_COMMA = YES;
				CLANG_WARN_CONSTANT_CONVERSION = YES;
				CLANG_WARN_DEPRECATED_OBJC_IMPLEMENTATIONS = YES;
				CLANG_WARN_DIRECT_OBJC_ISA_USAGE = YES_ERROR;
				CLANG_WARN_DOCUMENTATION_COMMENTS = YES;
				CLANG_WARN_EMPTY_BODY = YES;
				CLANG_WARN_ENUM_CONVERSION = YES;
				CLANG_WARN_INFINITE_RECURSION = YES;
				CLANG_WARN_INT_CONVERSION = YES;
				CLANG_WARN_NON_LITERAL_NULL_CONVERSION = YES;
				CLANG_WARN_OBJC_IMPLICIT_RETAIN_SELF = YES;
				CLANG_WARN_OBJC_LITERAL_CONVERSION = YES;
				CLANG_WARN_OBJC_ROOT_CLASS = YES_ERROR;
				CLANG_WARN_QUOTED_INCLUDE_IN_FRAMEWORK_HEADER = YES;
				CLANG_WARN_RANGE_LOOP_ANALYSIS = YES;
				CLANG_WARN_STRICT_PROTOTYPES = YES;
				CLANG_WARN_SUSPICIOUS_MOVE = YES;
				CLANG_WARN_UNGUARDED_AVAILABILITY = YES_AGGRESSIVE;
				CLANG_WARN_UNREACHABLE_CODE = YES;
				CLANG_WARN__DUPLICATE_METHOD_MATCH = YES;
				COPY_PHASE_STRIP = NO;
				DEBUG_INFORMATION_FORMAT = dwarf;
				ENABLE_STRICT_OBJC_MSGSEND = YES;
				ENABLE_TESTABILITY = YES;
				ENABLE_USER_SCRIPT_SANDBOXING = YES;
				GCC_C_LANGUAGE_STANDARD = gnu17;
				GCC_DYNAMIC_NO_PIC = NO;
				GCC_NO_COMMON_BLOCKS = YES;
				GCC_OPTIMIZATION_LEVEL = 0;
				GCC_PREPROCESSOR_DEFINITIONS = (
					"DEBUG=1",
					"$(inherited)",
				);
				GCC_WARN_64_TO_32_BIT_CONVERSION = YES;
				GCC_WARN_ABOUT_RETURN_TYPE = YES_ERROR;
				GCC_WARN_UNDECLARED_SELECTOR = YES;
				GCC_WARN_UNINITIALIZED_AUTOS = YES_AGGRESSIVE;
				GCC_WARN_UNUSED_FUNCTION = YES;
				GCC_WARN_UNUSED_VARIABLE = YES;
				IPHONEOS_DEPLOYMENT_TARGET = 17.5;
				LOCALIZATION_PREFERS_STRING_CATALOGS = YES;
				MTL_ENABLE_DEBUG_INFO = INCLUDE_SOURCE;
				MTL_FAST_MATH = YES;
				ONLY_ACTIVE_ARCH = YES;
				SDKROOT = iphoneos;
				SWIFT_ACTIVE_COMPILATION_CONDITIONS = "DEBUG $(inherited)";
				SWIFT_OPTIMIZATION_LEVEL = "-Onone";
			};
			name = Debug;
		};
		68CB9EC52C617ACB000B29F3 /* Release */ = {
			isa = XCBuildConfiguration;
			buildSettings = {
				ALWAYS_SEARCH_USER_PATHS = NO;
				ASSETCATALOG_COMPILER_GENERATE_SWIFT_ASSET_SYMBOL_EXTENSIONS = YES;
				CLANG_ANALYZER_NONNULL = YES;
				CLANG_ANALYZER_NUMBER_OBJECT_CONVERSION = YES_AGGRESSIVE;
				CLANG_CXX_LANGUAGE_STANDARD = "gnu++20";
				CLANG_ENABLE_MODULES = YES;
				CLANG_ENABLE_OBJC_ARC = YES;
				CLANG_ENABLE_OBJC_WEAK = YES;
				CLANG_WARN_BLOCK_CAPTURE_AUTORELEASING = YES;
				CLANG_WARN_BOOL_CONVERSION = YES;
				CLANG_WARN_COMMA = YES;
				CLANG_WARN_CONSTANT_CONVERSION = YES;
				CLANG_WARN_DEPRECATED_OBJC_IMPLEMENTATIONS = YES;
				CLANG_WARN_DIRECT_OBJC_ISA_USAGE = YES_ERROR;
				CLANG_WARN_DOCUMENTATION_COMMENTS = YES;
				CLANG_WARN_EMPTY_BODY = YES;
				CLANG_WARN_ENUM_CONVERSION = YES;
				CLANG_WARN_INFINITE_RECURSION = YES;
				CLANG_WARN_INT_CONVERSION = YES;
				CLANG_WARN_NON_LITERAL_NULL_CONVERSION = YES;
				CLANG_WARN_OBJC_IMPLICIT_RETAIN_SELF = YES;
				CLANG_WARN_OBJC_LITERAL_CONVERSION = YES;
				CLANG_WARN_OBJC_ROOT_CLASS = YES_ERROR;
				CLANG_WARN_QUOTED_INCLUDE_IN_FRAMEWORK_HEADER = YES;
				CLANG_WARN_RANGE_LOOP_ANALYSIS = YES;
				CLANG_WARN_STRICT_PROTOTYPES = YES;
				CLANG_WARN_SUSPICIOUS_MOVE = YES;
				CLANG_WARN_UNGUARDED_AVAILABILITY = YES_AGGRESSIVE;
				CLANG_WARN_UNREACHABLE_CODE = YES;
				CLANG_WARN__DUPLICATE_METHOD_MATCH = YES;
				COPY_PHASE_STRIP = NO;
				DEBUG_INFORMATION_FORMAT = "dwarf-with-dsym";
				ENABLE_NS_ASSERTIONS = NO;
				ENABLE_STRICT_OBJC_MSGSEND = YES;
				ENABLE_USER_SCRIPT_SANDBOXING = YES;
				GCC_C_LANGUAGE_STANDARD = gnu17;
				GCC_NO_COMMON_BLOCKS = YES;
				GCC_WARN_64_TO_32_BIT_CONVERSION = YES;
				GCC_WARN_ABOUT_RETURN_TYPE = YES_ERROR;
				GCC_WARN_UNDECLARED_SELECTOR = YES;
				GCC_WARN_UNINITIALIZED_AUTOS = YES_AGGRESSIVE;
				GCC_WARN_UNUSED_FUNCTION = YES;
				GCC_WARN_UNUSED_VARIABLE = YES;
				IPHONEOS_DEPLOYMENT_TARGET = 17.5;
				LOCALIZATION_PREFERS_STRING_CATALOGS = YES;
				MTL_ENABLE_DEBUG_INFO = NO;
				MTL_FAST_MATH = YES;
				SDKROOT = iphoneos;
				SWIFT_COMPILATION_MODE = wholemodule;
				VALIDATE_PRODUCT = YES;
			};
			name = Release;
		};
		68CB9EC72C617ACB000B29F3 /* Debug */ = {
			isa = XCBuildConfiguration;
			buildSettings = {
				ASSETCATALOG_COMPILER_APPICON_NAME = AppIcon;
				ASSETCATALOG_COMPILER_GLOBAL_ACCENT_COLOR_NAME = AccentColor;
				CODE_SIGN_STYLE = Automatic;
				CURRENT_PROJECT_VERSION = 1;
				DEVELOPMENT_ASSET_PATHS = "\"AgentList/Preview Content\"";
				DEVELOPMENT_TEAM = 42FQ4H67Q2;
				ENABLE_PREVIEWS = YES;
				GENERATE_INFOPLIST_FILE = YES;
				INFOPLIST_FILE = AgentList/Info.plist;
				INFOPLIST_KEY_UIApplicationSceneManifest_Generation = YES;
				INFOPLIST_KEY_UIApplicationSupportsIndirectInputEvents = YES;
				INFOPLIST_KEY_UILaunchScreen_Generation = YES;
				INFOPLIST_KEY_UISupportedInterfaceOrientations_iPad = "UIInterfaceOrientationPortrait UIInterfaceOrientationPortraitUpsideDown UIInterfaceOrientationLandscapeLeft UIInterfaceOrientationLandscapeRight";
				INFOPLIST_KEY_UISupportedInterfaceOrientations_iPhone = "UIInterfaceOrientationPortrait UIInterfaceOrientationLandscapeLeft UIInterfaceOrientationLandscapeRight";
				LD_RUNPATH_SEARCH_PATHS = (
					"$(inherited)",
					"@executable_path/Frameworks",
				);
				MARKETING_VERSION = 1.0;
				PRODUCT_BUNDLE_IDENTIFIER = vn.edu.rmit.LongPhung.AgentList;
				PRODUCT_NAME = "$(TARGET_NAME)";
				SWIFT_EMIT_LOC_STRINGS = YES;
				SWIFT_VERSION = 5.0;
				TARGETED_DEVICE_FAMILY = "1,2";
			};
			name = Debug;
		};
		68CB9EC82C617ACB000B29F3 /* Release */ = {
			isa = XCBuildConfiguration;
			buildSettings = {
				ASSETCATALOG_COMPILER_APPICON_NAME = AppIcon;
				ASSETCATALOG_COMPILER_GLOBAL_ACCENT_COLOR_NAME = AccentColor;
				CODE_SIGN_STYLE = Automatic;
				CURRENT_PROJECT_VERSION = 1;
				DEVELOPMENT_ASSET_PATHS = "\"AgentList/Preview Content\"";
				DEVELOPMENT_TEAM = 42FQ4H67Q2;
				ENABLE_PREVIEWS = YES;
				GENERATE_INFOPLIST_FILE = YES;
				INFOPLIST_FILE = AgentList/Info.plist;
				INFOPLIST_KEY_UIApplicationSceneManifest_Generation = YES;
				INFOPLIST_KEY_UIApplicationSupportsIndirectInputEvents = YES;
				INFOPLIST_KEY_UILaunchScreen_Generation = YES;
				INFOPLIST_KEY_UISupportedInterfaceOrientations_iPad = "UIInterfaceOrientationPortrait UIInterfaceOrientationPortraitUpsideDown UIInterfaceOrientationLandscapeLeft UIInterfaceOrientationLandscapeRight";
				INFOPLIST_KEY_UISupportedInterfaceOrientations_iPhone = "UIInterfaceOrientationPortrait UIInterfaceOrientationLandscapeLeft UIInterfaceOrientationLandscapeRight";
				LD_RUNPATH_SEARCH_PATHS = (
					"$(inherited)",
					"@executable_path/Frameworks",
				);
				MARKETING_VERSION = 1.0;
				PRODUCT_BUNDLE_IDENTIFIER = vn.edu.rmit.LongPhung.AgentList;
				PRODUCT_NAME = "$(TARGET_NAME)";
				SWIFT_EMIT_LOC_STRINGS = YES;
				SWIFT_VERSION = 5.0;
				TARGETED_DEVICE_FAMILY = "1,2";
			};
			name = Release;
		};
/* End XCBuildConfiguration section */

/* Begin XCConfigurationList section */
		68CB9EB32C617AC9000B29F3 /* Build configuration list for PBXProject "AgentList" */ = {
			isa = XCConfigurationList;
			buildConfigurations = (
				68CB9EC42C617ACB000B29F3 /* Debug */,
				68CB9EC52C617ACB000B29F3 /* Release */,
			);
			defaultConfigurationIsVisible = 0;
			defaultConfigurationName = Release;
		};
		68CB9EC62C617ACB000B29F3 /* Build configuration list for PBXNativeTarget "AgentList" */ = {
			isa = XCConfigurationList;
			buildConfigurations = (
				68CB9EC72C617ACB000B29F3 /* Debug */,
				68CB9EC82C617ACB000B29F3 /* Release */,
			);
			defaultConfigurationIsVisible = 0;
			defaultConfigurationName = Release;
		};
/* End XCConfigurationList section */
	};
	rootObject = 68CB9EB02C617AC9000B29F3 /* Project object */;
}
